
Microsoft Visual Studio Solution File, Format Version 12.00
# Visual Studio 14
VisualStudioVersion = 14.0.25420.1
MinimumVisualStudioVersion = 10.0.40219.1
Project("{FAE04EC0-301F-11D3-BF4B-00C04F79EFBC}") = "Lab7", "Lab7\Lab7.csproj", "{2310AAEE-0DC8-4386-BBA7-8D5053F1D868}"
EndProject
Project("{FAE04EC0-301F-11D3-BF4B-00C04F79EFBC}") = "GC_ClassroomLibrary", "..\..\..\Examples\Sept6Tues\Classes\GC_Classroom\GC_Classroom\GC_ClassroomLibrary.csproj", "{33F87684-A939-483F-B764-23135EF10369}"
EndProject
Global
	GlobalSection(SolutionConfigurationPlatforms) = preSolution
		Debug|Any CPU = Debug|Any CPU
		Release|Any CPU = Release|Any CPU
	EndGlobalSection
	GlobalSection(ProjectConfigurationPlatforms) = postSolution
		{2310AAEE-0DC8-4386-BBA7-8D5053F1D868}.Debug|Any CPU.ActiveCfg = Debug|Any CPU
		{2310AAEE-0DC8-4386-BBA7-8D5053F1D868}.Debug|Any CPU.Build.0 = Debug|Any CPU
		{2310AAEE-0DC8-4386-BBA7-8D5053F1D868}.Release|Any CPU.ActiveCfg = Release|Any CPU
		{2310AAEE-0DC8-4386-BBA7-8D5053F1D868}.Release|Any CPU.Build.0 = Release|Any CPU
		{33F87684-A939-483F-B764-23135EF10369}.Debug|Any CPU.ActiveCfg = Debug|Any CPU
		{33F87684-A939-483F-B764-23135EF10369}.Debug|Any CPU.Build.0 = Debug|Any CPU
		{33F87684-A939-483F-B764-23135EF10369}.Release|Any CPU.ActiveCfg = Release|Any CPU
		{33F87684-A939-483F-B764-23135EF10369}.Release|Any CPU.Build.0 = Release|Any CPU
	EndGlobalSection
	GlobalSection(SolutionProperties) = preSolution
		HideSolutionNode = FALSE
	EndGlobalSection
EndGlobal
